// !$*UTF8*$!
{
	archiveVersion = 1;
	classes = {
	};
	objectVersion = 77;
	objects = {

/* Begin PBXBuildFile section */
		46BFF7C42D3F9084000D283F /* Quick in Frameworks */ = {isa = PBXBuildFile; productRef = 46BFF7C32D3F9084000D283F /* Quick */; };
		46BFF7CD2D3F90E3000D283F /* Quick in Frameworks */ = {isa = PBXBuildFile; productRef = 46BFF7CC2D3F90E3000D283F /* Quick */; };
		46BFF8622D3F9226000D283F /* Nimble in Frameworks */ = {isa = PBXBuildFile; productRef = 46BFF8612D3F9226000D283F /* Nimble */; };
		46BFF8642D3F9229000D283F /* Mimus in Frameworks */ = {isa = PBXBuildFile; productRef = 46BFF8632D3F9229000D283F /* Mimus */; };
		46BFF8662D3F9235000D283F /* Mimus in Frameworks */ = {isa = PBXBuildFile; productRef = 46BFF8652D3F9235000D283F /* Mimus */; };
		46BFF86A2D3F923B000D283F /* Nimble in Frameworks */ = {isa = PBXBuildFile; productRef = 46BFF8692D3F923B000D283F /* Nimble */; };
		46BFF8FD2D3F929C000D283F /* ViewInspector in Frameworks */ = {isa = PBXBuildFile; productRef = 46BFF8FC2D3F929C000D283F /* ViewInspector */; };
/* End PBXBuildFile section */

/* Begin PBXContainerItemProxy section */
		4660782C2D3BDEE400BFD7B5 /* PBXContainerItemProxy */ = {
			isa = PBXContainerItemProxy;
			containerPortal = 466078122D3BDEE400BFD7B5 /* Project object */;
			proxyType = 1;
			remoteGlobalIDString = 466078192D3BDEE400BFD7B5;
			remoteInfo = CloudflareDNSUpdater;
		};
		466078362D3BDEE400BFD7B5 /* PBXContainerItemProxy */ = {
			isa = PBXContainerItemProxy;
			containerPortal = 466078122D3BDEE400BFD7B5 /* Project object */;
			proxyType = 1;
			remoteGlobalIDString = 466078192D3BDEE400BFD7B5;
			remoteInfo = CloudflareDNSUpdater;
		};
/* End PBXContainerItemProxy section */

/* Begin PBXFileReference section */
		4660781A2D3BDEE400BFD7B5 /* CloudflareDNSUpdater.app */ = {isa = PBXFileReference; explicitFileType = wrapper.application; includeInIndex = 0; path = CloudflareDNSUpdater.app; sourceTree = BUILT_PRODUCTS_DIR; };
		4660782B2D3BDEE400BFD7B5 /* CloudflareDNSUpdaterTests.xctest */ = {isa = PBXFileReference; explicitFileType = wrapper.cfbundle; includeInIndex = 0; path = CloudflareDNSUpdaterTests.xctest; sourceTree = BUILT_PRODUCTS_DIR; };
		466078352D3BDEE400BFD7B5 /* CloudflareDNSUpdaterUITests.xctest */ = {isa = PBXFileReference; explicitFileType = wrapper.cfbundle; includeInIndex = 0; path = CloudflareDNSUpdaterUITests.xctest; sourceTree = BUILT_PRODUCTS_DIR; };
/* End PBXFileReference section */

/* Begin PBXFileSystemSynchronizedRootGroup section */
		4660781C2D3BDEE400BFD7B5 /* CloudflareDNSUpdater */ = {
			isa = PBXFileSystemSynchronizedRootGroup;
			path = CloudflareDNSUpdater;
			sourceTree = "<group>";
		};
		4660782E2D3BDEE400BFD7B5 /* CloudflareDNSUpdaterTests */ = {
			isa = PBXFileSystemSynchronizedRootGroup;
			path = CloudflareDNSUpdaterTests;
			sourceTree = "<group>";
		};
		466078382D3BDEE400BFD7B5 /* CloudflareDNSUpdaterUITests */ = {
			isa = PBXFileSystemSynchronizedRootGroup;
			path = CloudflareDNSUpdaterUITests;
			sourceTree = "<group>";
		};
/* End PBXFileSystemSynchronizedRootGroup section */

/* Begin PBXFrameworksBuildPhase section */
		466078172D3BDEE400BFD7B5 /* Frameworks */ = {
			isa = PBXFrameworksBuildPhase;
			buildActionMask = 2147483647;
			files = (
			);
			runOnlyForDeploymentPostprocessing = 0;
		};
		466078282D3BDEE400BFD7B5 /* Frameworks */ = {
			isa = PBXFrameworksBuildPhase;
			buildActionMask = 2147483647;
			files = (
				46BFF8642D3F9229000D283F /* Mimus in Frameworks */,
				46BFF7C42D3F9084000D283F /* Quick in Frameworks */,
				46BFF8622D3F9226000D283F /* Nimble in Frameworks */,
			);
			runOnlyForDeploymentPostprocessing = 0;
		};
		466078322D3BDEE400BFD7B5 /* Frameworks */ = {
			isa = PBXFrameworksBuildPhase;
			buildActionMask = 2147483647;
			files = (
				46BFF8662D3F9235000D283F /* Mimus in Frameworks */,
				46BFF86A2D3F923B000D283F /* Nimble in Frameworks */,
				46BFF8FD2D3F929C000D283F /* ViewInspector in Frameworks */,
				46BFF7CD2D3F90E3000D283F /* Quick in Frameworks */,
			);
			runOnlyForDeploymentPostprocessing = 0;
		};
/* End PBXFrameworksBuildPhase section */

/* Begin PBXGroup section */
		466078112D3BDEE400BFD7B5 = {
			isa = PBXGroup;
			children = (
				4660781C2D3BDEE400BFD7B5 /* CloudflareDNSUpdater */,
				4660782E2D3BDEE400BFD7B5 /* CloudflareDNSUpdaterTests */,
				466078382D3BDEE400BFD7B5 /* CloudflareDNSUpdaterUITests */,
				46BFF7CB2D3F90E3000D283F /* Frameworks */,
				4660781B2D3BDEE400BFD7B5 /* Products */,
			);
			sourceTree = "<group>";
		};
		4660781B2D3BDEE400BFD7B5 /* Products */ = {
			isa = PBXGroup;
			children = (
				4660781A2D3BDEE400BFD7B5 /* CloudflareDNSUpdater.app */,
				4660782B2D3BDEE400BFD7B5 /* CloudflareDNSUpdaterTests.xctest */,
				466078352D3BDEE400BFD7B5 /* CloudflareDNSUpdaterUITests.xctest */,
			);
			name = Products;
			sourceTree = "<group>";
		};
		46BFF7CB2D3F90E3000D283F /* Frameworks */ = {
			isa = PBXGroup;
			children = (
			);
			name = Frameworks;
			sourceTree = "<group>";
		};
/* End PBXGroup section */

/* Begin PBXNativeTarget section */
		466078192D3BDEE400BFD7B5 /* CloudflareDNSUpdater */ = {
			isa = PBXNativeTarget;
			buildConfigurationList = 4660783F2D3BDEE400BFD7B5 /* Build configuration list for PBXNativeTarget "CloudflareDNSUpdater" */;
			buildPhases = (
				466078162D3BDEE400BFD7B5 /* Sources */,
				466078172D3BDEE400BFD7B5 /* Frameworks */,
				466078182D3BDEE400BFD7B5 /* Resources */,
			);
			buildRules = (
			);
			dependencies = (
			);
			fileSystemSynchronizedGroups = (
				4660781C2D3BDEE400BFD7B5 /* CloudflareDNSUpdater */,
			);
			name = CloudflareDNSUpdater;
			packageProductDependencies = (
			);
			productName = CloudflareDNSUpdater;
			productReference = 4660781A2D3BDEE400BFD7B5 /* CloudflareDNSUpdater.app */;
			productType = "com.apple.product-type.application";
		};
		4660782A2D3BDEE400BFD7B5 /* CloudflareDNSUpdaterTests */ = {
			isa = PBXNativeTarget;
			buildConfigurationList = 466078422D3BDEE400BFD7B5 /* Build configuration list for PBXNativeTarget "CloudflareDNSUpdaterTests" */;
			buildPhases = (
				466078272D3BDEE400BFD7B5 /* Sources */,
				466078282D3BDEE400BFD7B5 /* Frameworks */,
				466078292D3BDEE400BFD7B5 /* Resources */,
			);
			buildRules = (
			);
			dependencies = (
				4660782D2D3BDEE400BFD7B5 /* PBXTargetDependency */,
			);
			fileSystemSynchronizedGroups = (
				4660782E2D3BDEE400BFD7B5 /* CloudflareDNSUpdaterTests */,
			);
			name = CloudflareDNSUpdaterTests;
			packageProductDependencies = (
				46BFF7C32D3F9084000D283F /* Quick */,
				46BFF8612D3F9226000D283F /* Nimble */,
				46BFF8632D3F9229000D283F /* Mimus */,
			);
			productName = CloudflareDNSUpdaterTests;
			productReference = 4660782B2D3BDEE400BFD7B5 /* CloudflareDNSUpdaterTests.xctest */;
			productType = "com.apple.product-type.bundle.unit-test";
		};
		466078342D3BDEE400BFD7B5 /* CloudflareDNSUpdaterUITests */ = {
			isa = PBXNativeTarget;
			buildConfigurationList = 466078452D3BDEE400BFD7B5 /* Build configuration list for PBXNativeTarget "CloudflareDNSUpdaterUITests" */;
			buildPhases = (
				466078312D3BDEE400BFD7B5 /* Sources */,
				466078322D3BDEE400BFD7B5 /* Frameworks */,
				466078332D3BDEE400BFD7B5 /* Resources */,
			);
			buildRules = (
			);
			dependencies = (
				466078372D3BDEE400BFD7B5 /* PBXTargetDependency */,
			);
			fileSystemSynchronizedGroups = (
				466078382D3BDEE400BFD7B5 /* CloudflareDNSUpdaterUITests */,
			);
			name = CloudflareDNSUpdaterUITests;
			packageProductDependencies = (
				46BFF7CC2D3F90E3000D283F /* Quick */,
				46BFF8652D3F9235000D283F /* Mimus */,
				46BFF8692D3F923B000D283F /* Nimble */,
				46BFF8FC2D3F929C000D283F /* ViewInspector */,
			);
			productName = CloudflareDNSUpdaterUITests;
			productReference = 466078352D3BDEE400BFD7B5 /* CloudflareDNSUpdaterUITests.xctest */;
			productType = "com.apple.product-type.bundle.ui-testing";
		};
/* End PBXNativeTarget section */

/* Begin PBXProject section */
		466078122D3BDEE400BFD7B5 /* Project object */ = {
			isa = PBXProject;
			attributes = {
				BuildIndependentTargetsInParallel = 1;
				LastSwiftUpdateCheck = 1620;
				LastUpgradeCheck = 1620;
				TargetAttributes = {
					466078192D3BDEE400BFD7B5 = {
						CreatedOnToolsVersion = 16.2;
					};
					4660782A2D3BDEE400BFD7B5 = {
						CreatedOnToolsVersion = 16.2;
						LastSwiftMigration = 1620;
						TestTargetID = 466078192D3BDEE400BFD7B5;
					};
					466078342D3BDEE400BFD7B5 = {
						CreatedOnToolsVersion = 16.2;
						TestTargetID = 466078192D3BDEE400BFD7B5;
					};
				};
			};
			buildConfigurationList = 466078152D3BDEE400BFD7B5 /* Build configuration list for PBXProject "CloudflareDNSUpdater" */;
			developmentRegion = en;
			hasScannedForEncodings = 0;
			knownRegions = (
				en,
				Base,
				fr,
				de,
				pt,
			);
			mainGroup = 466078112D3BDEE400BFD7B5;
			minimizedProjectReferenceProxies = 1;
			packageReferences = (
				46BFF7C22D3F9084000D283F /* XCRemoteSwiftPackageReference "Quick" */,
				46BFF7CE2D3F91E7000D283F /* XCRemoteSwiftPackageReference "Nimble" */,
				46BFF7D02D3F920C000D283F /* XCRemoteSwiftPackageReference "Mimus" */,
				46BFF86B2D3F927F000D283F /* XCRemoteSwiftPackageReference "ViewInspector" */,
			);
			preferredProjectObjectVersion = 77;
			productRefGroup = 4660781B2D3BDEE400BFD7B5 /* Products */;
			projectDirPath = "";
			projectRoot = "";
			targets = (
				466078192D3BDEE400BFD7B5 /* CloudflareDNSUpdater */,
				4660782A2D3BDEE400BFD7B5 /* CloudflareDNSUpdaterTests */,
				466078342D3BDEE400BFD7B5 /* CloudflareDNSUpdaterUITests */,
			);
		};
/* End PBXProject section */

/* Begin PBXResourcesBuildPhase section */
		466078182D3BDEE400BFD7B5 /* Resources */ = {
			isa = PBXResourcesBuildPhase;
			buildActionMask = 2147483647;
			files = (
			);
			runOnlyForDeploymentPostprocessing = 0;
		};
		466078292D3BDEE400BFD7B5 /* Resources */ = {
			isa = PBXResourcesBuildPhase;
			buildActionMask = 2147483647;
			files = (
			);
			runOnlyForDeploymentPostprocessing = 0;
		};
		466078332D3BDEE400BFD7B5 /* Resources */ = {
			isa = PBXResourcesBuildPhase;
			buildActionMask = 2147483647;
			files = (
			);
			runOnlyForDeploymentPostprocessing = 0;
		};
/* End PBXResourcesBuildPhase section */

/* Begin PBXSourcesBuildPhase section */
		466078162D3BDEE400BFD7B5 /* Sources */ = {
			isa = PBXSourcesBuildPhase;
			buildActionMask = 2147483647;
			files = (
			);
			runOnlyForDeploymentPostprocessing = 0;
		};
		466078272D3BDEE400BFD7B5 /* Sources */ = {
			isa = PBXSourcesBuildPhase;
			buildActionMask = 2147483647;
			files = (
			);
			runOnlyForDeploymentPostprocessing = 0;
		};
		466078312D3BDEE400BFD7B5 /* Sources */ = {
			isa = PBXSourcesBuildPhase;
			buildActionMask = 2147483647;
			files = (
			);
			runOnlyForDeploymentPostprocessing = 0;
		};
/* End PBXSourcesBuildPhase section */

/* Begin PBXTargetDependency section */
		4660782D2D3BDEE400BFD7B5 /* PBXTargetDependency */ = {
			isa = PBXTargetDependency;
			target = 466078192D3BDEE400BFD7B5 /* CloudflareDNSUpdater */;
			targetProxy = 4660782C2D3BDEE400BFD7B5 /* PBXContainerItemProxy */;
		};
		466078372D3BDEE400BFD7B5 /* PBXTargetDependency */ = {
			isa = PBXTargetDependency;
			target = 466078192D3BDEE400BFD7B5 /* CloudflareDNSUpdater */;
			targetProxy = 466078362D3BDEE400BFD7B5 /* PBXContainerItemProxy */;
		};
/* End PBXTargetDependency section */

/* Begin XCBuildConfiguration section */
		4660783D2D3BDEE400BFD7B5 /* Debug */ = {
			isa = XCBuildConfiguration;
			buildSettings = {
				ALWAYS_SEARCH_USER_PATHS = NO;
				ASSETCATALOG_COMPILER_GENERATE_SWIFT_ASSET_SYMBOL_EXTENSIONS = YES;
				CLANG_ANALYZER_NONNULL = YES;
				CLANG_ANALYZER_NUMBER_OBJECT_CONVERSION = YES_AGGRESSIVE;
				CLANG_CXX_LANGUAGE_STANDARD = "gnu++20";
				CLANG_ENABLE_MODULES = YES;
				CLANG_ENABLE_OBJC_ARC = YES;
				CLANG_ENABLE_OBJC_WEAK = YES;
				CLANG_WARN_BLOCK_CAPTURE_AUTORELEASING = YES;
				CLANG_WARN_BOOL_CONVERSION = YES;
				CLANG_WARN_COMMA = YES;
				CLANG_WARN_CONSTANT_CONVERSION = YES;
				CLANG_WARN_DEPRECATED_OBJC_IMPLEMENTATIONS = YES;
				CLANG_WARN_DIRECT_OBJC_ISA_USAGE = YES_ERROR;
				CLANG_WARN_DOCUMENTATION_COMMENTS = YES;
				CLANG_WARN_EMPTY_BODY = YES;
				CLANG_WARN_ENUM_CONVERSION = YES;
				CLANG_WARN_INFINITE_RECURSION = YES;
				CLANG_WARN_INT_CONVERSION = YES;
				CLANG_WARN_NON_LITERAL_NULL_CONVERSION = YES;
				CLANG_WARN_OBJC_IMPLICIT_RETAIN_SELF = YES;
				CLANG_WARN_OBJC_LITERAL_CONVERSION = YES;
				CLANG_WARN_OBJC_ROOT_CLASS = YES_ERROR;
				CLANG_WARN_QUOTED_INCLUDE_IN_FRAMEWORK_HEADER = YES;
				CLANG_WARN_RANGE_LOOP_ANALYSIS = YES;
				CLANG_WARN_STRICT_PROTOTYPES = YES;
				CLANG_WARN_SUSPICIOUS_MOVE = YES;
				CLANG_WARN_UNGUARDED_AVAILABILITY = YES_AGGRESSIVE;
				CLANG_WARN_UNREACHABLE_CODE = YES;
				CLANG_WARN__DUPLICATE_METHOD_MATCH = YES;
				COPY_PHASE_STRIP = NO;
				DEBUG_INFORMATION_FORMAT = dwarf;
				ENABLE_STRICT_OBJC_MSGSEND = YES;
				ENABLE_TESTABILITY = YES;
				ENABLE_USER_SCRIPT_SANDBOXING = YES;
				GCC_C_LANGUAGE_STANDARD = gnu17;
				GCC_DYNAMIC_NO_PIC = NO;
				GCC_NO_COMMON_BLOCKS = YES;
				GCC_OPTIMIZATION_LEVEL = 0;
				GCC_PREPROCESSOR_DEFINITIONS = (
					"DEBUG=1",
					"$(inherited)",
				);
				GCC_WARN_64_TO_32_BIT_CONVERSION = YES;
				GCC_WARN_ABOUT_RETURN_TYPE = YES_ERROR;
				GCC_WARN_UNDECLARED_SELECTOR = YES;
				GCC_WARN_UNINITIALIZED_AUTOS = YES_AGGRESSIVE;
				GCC_WARN_UNUSED_FUNCTION = YES;
				GCC_WARN_UNUSED_VARIABLE = YES;
				LOCALIZATION_PREFERS_STRING_CATALOGS = YES;
				MACOSX_DEPLOYMENT_TARGET = 15.2;
				MTL_ENABLE_DEBUG_INFO = INCLUDE_SOURCE;
				MTL_FAST_MATH = YES;
				ONLY_ACTIVE_ARCH = YES;
				SDKROOT = macosx;
				SWIFT_ACTIVE_COMPILATION_CONDITIONS = "DEBUG $(inherited)";
				SWIFT_OPTIMIZATION_LEVEL = "-Onone";
			};
			name = Debug;
		};
		4660783E2D3BDEE400BFD7B5 /* Release */ = {
			isa = XCBuildConfiguration;
			buildSettings = {
				ALWAYS_SEARCH_USER_PATHS = NO;
				ASSETCATALOG_COMPILER_GENERATE_SWIFT_ASSET_SYMBOL_EXTENSIONS = YES;
				CLANG_ANALYZER_NONNULL = YES;
				CLANG_ANALYZER_NUMBER_OBJECT_CONVERSION = YES_AGGRESSIVE;
				CLANG_CXX_LANGUAGE_STANDARD = "gnu++20";
				CLANG_ENABLE_MODULES = YES;
				CLANG_ENABLE_OBJC_ARC = YES;
				CLANG_ENABLE_OBJC_WEAK = YES;
				CLANG_WARN_BLOCK_CAPTURE_AUTORELEASING = YES;
				CLANG_WARN_BOOL_CONVERSION = YES;
				CLANG_WARN_COMMA = YES;
				CLANG_WARN_CONSTANT_CONVERSION = YES;
				CLANG_WARN_DEPRECATED_OBJC_IMPLEMENTATIONS = YES;
				CLANG_WARN_DIRECT_OBJC_ISA_USAGE = YES_ERROR;
				CLANG_WARN_DOCUMENTATION_COMMENTS = YES;
				CLANG_WARN_EMPTY_BODY = YES;
				CLANG_WARN_ENUM_CONVERSION = YES;
				CLANG_WARN_INFINITE_RECURSION = YES;
				CLANG_WARN_INT_CONVERSION = YES;
				CLANG_WARN_NON_LITERAL_NULL_CONVERSION = YES;
				CLANG_WARN_OBJC_IMPLICIT_RETAIN_SELF = YES;
				CLANG_WARN_OBJC_LITERAL_CONVERSION = YES;
				CLANG_WARN_OBJC_ROOT_CLASS = YES_ERROR;
				CLANG_WARN_QUOTED_INCLUDE_IN_FRAMEWORK_HEADER = YES;
				CLANG_WARN_RANGE_LOOP_ANALYSIS = YES;
				CLANG_WARN_STRICT_PROTOTYPES = YES;
				CLANG_WARN_SUSPICIOUS_MOVE = YES;
				CLANG_WARN_UNGUARDED_AVAILABILITY = YES_AGGRESSIVE;
				CLANG_WARN_UNREACHABLE_CODE = YES;
				CLANG_WARN__DUPLICATE_METHOD_MATCH = YES;
				COPY_PHASE_STRIP = NO;
				DEBUG_INFORMATION_FORMAT = "dwarf-with-dsym";
				ENABLE_NS_ASSERTIONS = NO;
				ENABLE_STRICT_OBJC_MSGSEND = YES;
				ENABLE_USER_SCRIPT_SANDBOXING = YES;
				GCC_C_LANGUAGE_STANDARD = gnu17;
				GCC_NO_COMMON_BLOCKS = YES;
				GCC_WARN_64_TO_32_BIT_CONVERSION = YES;
				GCC_WARN_ABOUT_RETURN_TYPE = YES_ERROR;
				GCC_WARN_UNDECLARED_SELECTOR = YES;
				GCC_WARN_UNINITIALIZED_AUTOS = YES_AGGRESSIVE;
				GCC_WARN_UNUSED_FUNCTION = YES;
				GCC_WARN_UNUSED_VARIABLE = YES;
				LOCALIZATION_PREFERS_STRING_CATALOGS = YES;
				MACOSX_DEPLOYMENT_TARGET = 15.2;
				MTL_ENABLE_DEBUG_INFO = NO;
				MTL_FAST_MATH = YES;
				SDKROOT = macosx;
				SWIFT_COMPILATION_MODE = wholemodule;
			};
			name = Release;
		};
		466078402D3BDEE400BFD7B5 /* Debug */ = {
			isa = XCBuildConfiguration;
			buildSettings = {
				ASSETCATALOG_COMPILER_APPICON_NAME = AppIcon;
				ASSETCATALOG_COMPILER_GLOBAL_ACCENT_COLOR_NAME = AccentColor;
				ASSETCATALOG_COMPILER_INCLUDE_ALL_APPICON_ASSETS = YES;
				CODE_SIGN_ENTITLEMENTS = CloudflareDNSUpdater/Configs/CloudflareDNSUpdater.entitlements;
				CODE_SIGN_STYLE = Automatic;
				COMBINE_HIDPI_IMAGES = YES;
				CURRENT_PROJECT_VERSION = 1;
				DEVELOPMENT_TEAM = YRR7D9Z29N;
				ENABLE_HARDENED_RUNTIME = YES;
				ENABLE_PREVIEWS = YES;
				GENERATE_INFOPLIST_FILE = YES;
				INFOPLIST_KEY_NSHumanReadableCopyright = "";
				INFOPLIST_KEY_UISupportedInterfaceOrientations = UIInterfaceOrientationPortrait;
				INFOPLIST_KEY_UISupportedInterfaceOrientations_iPad = "UIInterfaceOrientationLandscapeLeft UIInterfaceOrientationLandscapeRight UIInterfaceOrientationPortrait UIInterfaceOrientationPortraitUpsideDown";
				LD_RUNPATH_SEARCH_PATHS = (
					"$(inherited)",
					"@executable_path/../Frameworks",
				);
				MARKETING_VERSION = 1.0;
				PRODUCT_BUNDLE_IDENTIFIER = pt.tiagomoreira.CloudflareDNSUpdater;
				PRODUCT_NAME = "$(TARGET_NAME)";
				SUPPORTED_PLATFORMS = "iphoneos iphonesimulator macosx";
				SUPPORTS_MACCATALYST = NO;
				SWIFT_EMIT_LOC_STRINGS = YES;
				SWIFT_VERSION = 5.0;
				TARGETED_DEVICE_FAMILY = "1,2";
			};
			name = Debug;
		};
		466078412D3BDEE400BFD7B5 /* Release */ = {
			isa = XCBuildConfiguration;
			buildSettings = {
				ASSETCATALOG_COMPILER_APPICON_NAME = AppIcon;
				ASSETCATALOG_COMPILER_GLOBAL_ACCENT_COLOR_NAME = AccentColor;
				ASSETCATALOG_COMPILER_INCLUDE_ALL_APPICON_ASSETS = YES;
				CODE_SIGN_ENTITLEMENTS = CloudflareDNSUpdater/Configs/CloudflareDNSUpdater.entitlements;
				CODE_SIGN_STYLE = Automatic;
				COMBINE_HIDPI_IMAGES = YES;
				CURRENT_PROJECT_VERSION = 1;
				DEVELOPMENT_TEAM = YRR7D9Z29N;
				ENABLE_HARDENED_RUNTIME = YES;
				ENABLE_PREVIEWS = YES;
				GENERATE_INFOPLIST_FILE = YES;
				INFOPLIST_KEY_NSHumanReadableCopyright = "";
				INFOPLIST_KEY_UISupportedInterfaceOrientations = UIInterfaceOrientationPortrait;
				INFOPLIST_KEY_UISupportedInterfaceOrientations_iPad = "UIInterfaceOrientationLandscapeLeft UIInterfaceOrientationLandscapeRight UIInterfaceOrientationPortrait UIInterfaceOrientationPortraitUpsideDown";
				LD_RUNPATH_SEARCH_PATHS = (
					"$(inherited)",
					"@executable_path/../Frameworks",
				);
				MARKETING_VERSION = 1.0;
				PRODUCT_BUNDLE_IDENTIFIER = pt.tiagomoreira.CloudflareDNSUpdater;
				PRODUCT_NAME = "$(TARGET_NAME)";
				SUPPORTED_PLATFORMS = "iphoneos iphonesimulator macosx";
				SUPPORTS_MACCATALYST = NO;
				SWIFT_EMIT_LOC_STRINGS = YES;
				SWIFT_VERSION = 5.0;
				TARGETED_DEVICE_FAMILY = "1,2";
			};
			name = Release;
		};
		466078432D3BDEE400BFD7B5 /* Debug */ = {
			isa = XCBuildConfiguration;
			buildSettings = {
				BUNDLE_LOADER = "$(TEST_HOST)";
				CLANG_ENABLE_MODULES = YES;
				CODE_SIGN_STYLE = Automatic;
				CURRENT_PROJECT_VERSION = 1;
				DEVELOPMENT_TEAM = YRR7D9Z29N;
				GENERATE_INFOPLIST_FILE = YES;
				MACOSX_DEPLOYMENT_TARGET = 15.2;
				MARKETING_VERSION = 1.0;
				PRODUCT_BUNDLE_IDENTIFIER = pt.tiagomoreira.CloudflareDNSUpdaterTests;
				PRODUCT_NAME = "$(TARGET_NAME)";
				SWIFT_EMIT_LOC_STRINGS = NO;
				SWIFT_OPTIMIZATION_LEVEL = "-Onone";
				SWIFT_VERSION = 5.0;
				TEST_HOST = "$(BUILT_PRODUCTS_DIR)/CloudflareDNSUpdater.app/$(BUNDLE_EXECUTABLE_FOLDER_PATH)/CloudflareDNSUpdater";
			};
			name = Debug;
		};
		466078442D3BDEE400BFD7B5 /* Release */ = {
			isa = XCBuildConfiguration;
			buildSettings = {
				BUNDLE_LOADER = "$(TEST_HOST)";
				CLANG_ENABLE_MODULES = YES;
				CODE_SIGN_STYLE = Automatic;
				CURRENT_PROJECT_VERSION = 1;
				DEVELOPMENT_TEAM = YRR7D9Z29N;
				GENERATE_INFOPLIST_FILE = YES;
				MACOSX_DEPLOYMENT_TARGET = 15.2;
				MARKETING_VERSION = 1.0;
				PRODUCT_BUNDLE_IDENTIFIER = pt.tiagomoreira.CloudflareDNSUpdaterTests;
				PRODUCT_NAME = "$(TARGET_NAME)";
				SWIFT_EMIT_LOC_STRINGS = NO;
				SWIFT_VERSION = 5.0;
				TEST_HOST = "$(BUILT_PRODUCTS_DIR)/CloudflareDNSUpdater.app/$(BUNDLE_EXECUTABLE_FOLDER_PATH)/CloudflareDNSUpdater";
			};
			name = Release;
		};
		466078462D3BDEE400BFD7B5 /* Debug */ = {
			isa = XCBuildConfiguration;
			buildSettings = {
				CODE_SIGN_STYLE = Automatic;
				CURRENT_PROJECT_VERSION = 1;
				DEVELOPMENT_TEAM = YRR7D9Z29N;
				GENERATE_INFOPLIST_FILE = YES;
				MARKETING_VERSION = 1.0;
				PRODUCT_BUNDLE_IDENTIFIER = pt.tiagomoreira.CloudflareDNSUpdaterUITests;
				PRODUCT_NAME = "$(TARGET_NAME)";
				SWIFT_EMIT_LOC_STRINGS = NO;
				SWIFT_VERSION = 5.0;
				TEST_TARGET_NAME = CloudflareDNSUpdater;
			};
			name = Debug;
		};
		466078472D3BDEE400BFD7B5 /* Release */ = {
			isa = XCBuildConfiguration;
			buildSettings = {
				CODE_SIGN_STYLE = Automatic;
				CURRENT_PROJECT_VERSION = 1;
				DEVELOPMENT_TEAM = YRR7D9Z29N;
				GENERATE_INFOPLIST_FILE = YES;
				MARKETING_VERSION = 1.0;
				PRODUCT_BUNDLE_IDENTIFIER = pt.tiagomoreira.CloudflareDNSUpdaterUITests;
				PRODUCT_NAME = "$(TARGET_NAME)";
				SWIFT_EMIT_LOC_STRINGS = NO;
				SWIFT_VERSION = 5.0;
				TEST_TARGET_NAME = CloudflareDNSUpdater;
			};
			name = Release;
		};
/* End XCBuildConfiguration section */

/* Begin XCConfigurationList section */
		466078152D3BDEE400BFD7B5 /* Build configuration list for PBXProject "CloudflareDNSUpdater" */ = {
			isa = XCConfigurationList;
			buildConfigurations = (
				4660783D2D3BDEE400BFD7B5 /* Debug */,
				4660783E2D3BDEE400BFD7B5 /* Release */,
			);
			defaultConfigurationIsVisible = 0;
			defaultConfigurationName = Release;
		};
		4660783F2D3BDEE400BFD7B5 /* Build configuration list for PBXNativeTarget "CloudflareDNSUpdater" */ = {
			isa = XCConfigurationList;
			buildConfigurations = (
				466078402D3BDEE400BFD7B5 /* Debug */,
				466078412D3BDEE400BFD7B5 /* Release */,
			);
			defaultConfigurationIsVisible = 0;
			defaultConfigurationName = Release;
		};
		466078422D3BDEE400BFD7B5 /* Build configuration list for PBXNativeTarget "CloudflareDNSUpdaterTests" */ = {
			isa = XCConfigurationList;
			buildConfigurations = (
				466078432D3BDEE400BFD7B5 /* Debug */,
				466078442D3BDEE400BFD7B5 /* Release */,
			);
			defaultConfigurationIsVisible = 0;
			defaultConfigurationName = Release;
		};
		466078452D3BDEE400BFD7B5 /* Build configuration list for PBXNativeTarget "CloudflareDNSUpdaterUITests" */ = {
			isa = XCConfigurationList;
			buildConfigurations = (
				466078462D3BDEE400BFD7B5 /* Debug */,
				466078472D3BDEE400BFD7B5 /* Release */,
			);
			defaultConfigurationIsVisible = 0;
			defaultConfigurationName = Release;
		};
/* End XCConfigurationList section */

/* Begin XCRemoteSwiftPackageReference section */
		46BFF7C22D3F9084000D283F /* XCRemoteSwiftPackageReference "Quick" */ = {
			isa = XCRemoteSwiftPackageReference;
			repositoryURL = "https://github.com/Quick/Quick.git";
			requirement = {
				kind = upToNextMajorVersion;
				minimumVersion = 7.6.2;
			};
		};
		46BFF7CE2D3F91E7000D283F /* XCRemoteSwiftPackageReference "Nimble" */ = {
			isa = XCRemoteSwiftPackageReference;
			repositoryURL = "https://github.com/Quick/Nimble.git";
			requirement = {
				kind = upToNextMajorVersion;
				minimumVersion = 13.7.1;
			};
		};
		46BFF7D02D3F920C000D283F /* XCRemoteSwiftPackageReference "Mimus" */ = {
			isa = XCRemoteSwiftPackageReference;
			repositoryURL = "https://github.com/mimus-swift/Mimus.git";
			requirement = {
				kind = upToNextMajorVersion;
				minimumVersion = 2.1.0;
			};
		};
		46BFF86B2D3F927F000D283F /* XCRemoteSwiftPackageReference "ViewInspector" */ = {
			isa = XCRemoteSwiftPackageReference;
			repositoryURL = "https://github.com/nalexn/ViewInspector";
			requirement = {
				kind = upToNextMajorVersion;
				minimumVersion = 0.10.1;
			};
		};
/* End XCRemoteSwiftPackageReference section */

/* Begin XCSwiftPackageProductDependency section */
		46BFF7C32D3F9084000D283F /* Quick */ = {
			isa = XCSwiftPackageProductDependency;
			package = 46BFF7C22D3F9084000D283F /* XCRemoteSwiftPackageReference "Quick" */;
			productName = Quick;
		};
		46BFF7CC2D3F90E3000D283F /* Quick */ = {
			isa = XCSwiftPackageProductDependency;
			package = 46BFF7C22D3F9084000D283F /* XCRemoteSwiftPackageReference "Quick" */;
			productName = Quick;
		};
		46BFF8612D3F9226000D283F /* Nimble */ = {
			isa = XCSwiftPackageProductDependency;
			package = 46BFF7CE2D3F91E7000D283F /* XCRemoteSwiftPackageReference "Nimble" */;
			productName = Nimble;
		};
		46BFF8632D3F9229000D283F /* Mimus */ = {
			isa = XCSwiftPackageProductDependency;
			package = 46BFF7D02D3F920C000D283F /* XCRemoteSwiftPackageReference "Mimus" */;
			productName = Mimus;
		};
		46BFF8652D3F9235000D283F /* Mimus */ = {
			isa = XCSwiftPackageProductDependency;
			package = 46BFF7D02D3F920C000D283F /* XCRemoteSwiftPackageReference "Mimus" */;
			productName = Mimus;
		};
		46BFF8692D3F923B000D283F /* Nimble */ = {
			isa = XCSwiftPackageProductDependency;
			package = 46BFF7CE2D3F91E7000D283F /* XCRemoteSwiftPackageReference "Nimble" */;
			productName = Nimble;
		};
		46BFF8FC2D3F929C000D283F /* ViewInspector */ = {
			isa = XCSwiftPackageProductDependency;
			package = 46BFF86B2D3F927F000D283F /* XCRemoteSwiftPackageReference "ViewInspector" */;
			productName = ViewInspector;
		};
/* End XCSwiftPackageProductDependency section */
	};
	rootObject = 466078122D3BDEE400BFD7B5 /* Project object */;
}
